
Microsoft Visual Studio Solution File, Format Version 12.00
Project("{FAE04EC0-301F-11D3-BF4B-00C04F79EFBC}") = "HttpBuildR.Request", "HttpBuildR.Request\HttpBuildR.Request.csproj", "{61CE6240-3E7E-4B10-BC4C-EF85279D8C2E}"
EndProject
Project("{2150E333-8FDC-42A3-9474-1A3956D46DE8}") = "Request", "Request", "{FA48C77B-4391-41AE-AAEC-700E9A604EB8}"
EndProject
Project("{FAE04EC0-301F-11D3-BF4B-00C04F79EFBC}") = "HttpBuildR.Request.Tests", "HttpBuildR.Request.Tests\HttpBuildR.Request.Tests.csproj", "{9412BE51-D6D8-4B2A-8829-8BF41866D889}"
EndProject
Project("{2150E333-8FDC-42A3-9474-1A3956D46DE8}") = "Response", "Response", "{F76B1F76-02E5-4450-84CE-EEBD516E7EE4}"
EndProject
Project("{FAE04EC0-301F-11D3-BF4B-00C04F79EFBC}") = "HttpBuildR.Response", "HttpBuildR.Response\HttpBuildR.Response.csproj", "{D4E22A46-F7CD-400E-85BB-F849038BB67B}"
EndProject
Project("{FAE04EC0-301F-11D3-BF4B-00C04F79EFBC}") = "HttpBuildR.Response.Tests", "HttpBuildR.Response.Tests\HttpBuildR.Response.Tests.csproj", "{6292139B-E4A6-416D-A4B9-00CF9F63C623}"
EndProject
Global
	GlobalSection(SolutionConfigurationPlatforms) = preSolution
		Debug|Any CPU = Debug|Any CPU
		Release|Any CPU = Release|Any CPU
	EndGlobalSection
	GlobalSection(ProjectConfigurationPlatforms) = postSolution
		{61CE6240-3E7E-4B10-BC4C-EF85279D8C2E}.Debug|Any CPU.ActiveCfg = Debug|Any CPU
		{61CE6240-3E7E-4B10-BC4C-EF85279D8C2E}.Debug|Any CPU.Build.0 = Debug|Any CPU
		{61CE6240-3E7E-4B10-BC4C-EF85279D8C2E}.Release|Any CPU.ActiveCfg = Release|Any CPU
		{61CE6240-3E7E-4B10-BC4C-EF85279D8C2E}.Release|Any CPU.Build.0 = Release|Any CPU
		{9412BE51-D6D8-4B2A-8829-8BF41866D889}.Debug|Any CPU.ActiveCfg = Debug|Any CPU
		{9412BE51-D6D8-4B2A-8829-8BF41866D889}.Debug|Any CPU.Build.0 = Debug|Any CPU
		{9412BE51-D6D8-4B2A-8829-8BF41866D889}.Release|Any CPU.ActiveCfg = Release|Any CPU
		{9412BE51-D6D8-4B2A-8829-8BF41866D889}.Release|Any CPU.Build.0 = Release|Any CPU
		{D4E22A46-F7CD-400E-85BB-F849038BB67B}.Debug|Any CPU.ActiveCfg = Debug|Any CPU
		{D4E22A46-F7CD-400E-85BB-F849038BB67B}.Debug|Any CPU.Build.0 = Debug|Any CPU
		{D4E22A46-F7CD-400E-85BB-F849038BB67B}.Release|Any CPU.ActiveCfg = Release|Any CPU
		{D4E22A46-F7CD-400E-85BB-F849038BB67B}.Release|Any CPU.Build.0 = Release|Any CPU
		{6292139B-E4A6-416D-A4B9-00CF9F63C623}.Debug|Any CPU.ActiveCfg = Debug|Any CPU
		{6292139B-E4A6-416D-A4B9-00CF9F63C623}.Debug|Any CPU.Build.0 = Debug|Any CPU
		{6292139B-E4A6-416D-A4B9-00CF9F63C623}.Release|Any CPU.ActiveCfg = Release|Any CPU
		{6292139B-E4A6-416D-A4B9-00CF9F63C623}.Release|Any CPU.Build.0 = Release|Any CPU
	EndGlobalSection
	GlobalSection(NestedProjects) = preSolution
		{61CE6240-3E7E-4B10-BC4C-EF85279D8C2E} = {FA48C77B-4391-41AE-AAEC-700E9A604EB8}
		{9412BE51-D6D8-4B2A-8829-8BF41866D889} = {FA48C77B-4391-41AE-AAEC-700E9A604EB8}
		{D4E22A46-F7CD-400E-85BB-F849038BB67B} = {F76B1F76-02E5-4450-84CE-EEBD516E7EE4}
		{6292139B-E4A6-416D-A4B9-00CF9F63C623} = {F76B1F76-02E5-4450-84CE-EEBD516E7EE4}
	EndGlobalSection
EndGlobal
